
Microsoft Visual Studio Solution File, Format Version 12.00
# Visual Studio Version 17
VisualStudioVersion = 17.10.35122.118
MinimumVisualStudioVersion = 10.0.40219.1
Project("{9A19103F-16F7-4668-BE54-9A1E7A4F7556}") = "Day1_Part1", "Day1_Part1\Day1_Part1.csproj", "{42451AB2-A3A7-4721-99A4-C757AFC02807}"
EndProject
Project("{9A19103F-16F7-4668-BE54-9A1E7A4F7556}") = "Day1_Part2", "Day1_Part2\Day1_Part2.csproj", "{D26B8165-81F6-4DC0-9F0C-DE0E76C71F3D}"
EndProject
Project("{9A19103F-16F7-4668-BE54-9A1E7A4F7556}") = "Day2_Part1", "Day2_Part1\Day2_Part1.csproj", "{4E8582AC-5F60-44A2-BCF6-D9A1DF3F674B}"
EndProject
Project("{9A19103F-16F7-4668-BE54-9A1E7A4F7556}") = "Day2_Part2", "Day2_Part2\Day2_Part2.csproj", "{CCF82FD9-1AB3-47AE-A084-DEC56001AE42}"
EndProject
Project("{9A19103F-16F7-4668-BE54-9A1E7A4F7556}") = "Day3_Part1", "Day3_Part1\Day3_Part1.csproj", "{7B5C0976-0F0C-42D8-836A-B8A5F0031FEF}"
EndProject
Project("{9A19103F-16F7-4668-BE54-9A1E7A4F7556}") = "Day3_Part2", "Day3_Part2\Day3_Part2.csproj", "{7798A149-2EF3-4ACE-A6AC-7DD17EBED962}"
EndProject
Project("{9A19103F-16F7-4668-BE54-9A1E7A4F7556}") = "Day4_Part1", "Day4_Part1\Day4_Part1.csproj", "{098FD424-A56A-4451-BE01-90C7C789880A}"
EndProject
Project("{9A19103F-16F7-4668-BE54-9A1E7A4F7556}") = "Day4_Part2", "Day4_Part2\Day4_Part2.csproj", "{90265FBD-171D-44D3-85B3-B4F171A2977A}"
EndProject
Project("{9A19103F-16F7-4668-BE54-9A1E7A4F7556}") = "Day5_Part1", "Day5_Part1\Day5_Part1.csproj", "{A14016ED-647B-4044-96B2-DC1B56F80C18}"
EndProject
Project("{9A19103F-16F7-4668-BE54-9A1E7A4F7556}") = "Day5_Part2", "Day5_Part2\Day5_Part2.csproj", "{C8FEC538-66D9-4CD6-B0FC-306E9F08565D}"
EndProject
Project("{9A19103F-16F7-4668-BE54-9A1E7A4F7556}") = "Day6_Part1", "Day6_Part1\Day6_Part1.csproj", "{551960E8-22A6-4D06-B291-B16D9950A369}"
EndProject
Project("{9A19103F-16F7-4668-BE54-9A1E7A4F7556}") = "Day6_Part2", "Day6_Part2\Day6_Part2.csproj", "{E7FF9721-80BA-423D-B603-77A5DDB0B4B8}"
EndProject
Project("{9A19103F-16F7-4668-BE54-9A1E7A4F7556}") = "Day7_Part1", "Day7_Part1\Day7_Part1.csproj", "{F2DCBAD6-27D3-424E-9A4E-B44B54535F48}"
EndProject
Project("{9A19103F-16F7-4668-BE54-9A1E7A4F7556}") = "Day7_Part2", "Day7_Part2\Day7_Part2.csproj", "{AEB5C583-394F-414B-8FBB-79A340DE99E9}"
EndProject
Project("{9A19103F-16F7-4668-BE54-9A1E7A4F7556}") = "Day8_Part1", "Day8_Part1\Day8_Part1.csproj", "{4EAE7E84-9EEF-4BD1-8766-8D8BF900220F}"
EndProject
Project("{9A19103F-16F7-4668-BE54-9A1E7A4F7556}") = "Day8_Part2", "Day8_Part2\Day8_Part2.csproj", "{D97C5629-99E8-44FE-BE5E-8883ABD8E506}"
EndProject
Project("{9A19103F-16F7-4668-BE54-9A1E7A4F7556}") = "Day9_Part1", "Day9_Part1\Day9_Part1.csproj", "{B51907E3-09C7-406E-818D-93514ACB9002}"
EndProject
Project("{9A19103F-16F7-4668-BE54-9A1E7A4F7556}") = "Day9_Part2", "Day9_Part2\Day9_Part2.csproj", "{2D99FB95-D9CB-4B3A-ABD6-85DB6ACAFB0B}"
EndProject
Project("{9A19103F-16F7-4668-BE54-9A1E7A4F7556}") = "Day10_Part1", "Day10_Part1\Day10_Part1.csproj", "{6D3DD5A6-9E1E-458A-B151-2276E5F71479}"
EndProject
Project("{9A19103F-16F7-4668-BE54-9A1E7A4F7556}") = "Day10_Part2", "Day10_Part2\Day10_Part2.csproj", "{8BBB014B-623F-4D23-BB38-820C4A9622AD}"
EndProject
Project("{9A19103F-16F7-4668-BE54-9A1E7A4F7556}") = "Day11", "Day11\Day11.csproj", "{DC946B61-74C1-49D0-84EC-78671E479ADF}"
EndProject
Project("{9A19103F-16F7-4668-BE54-9A1E7A4F7556}") = "Day12", "Day12\Day12.csproj", "{DF4D54A5-5344-41FE-814D-95E70632A1C6}"
EndProject
Project("{9A19103F-16F7-4668-BE54-9A1E7A4F7556}") = "Day13", "Day13\Day13.csproj", "{2D572360-5060-4D70-9970-E8758DA709FB}"
EndProject
Project("{9A19103F-16F7-4668-BE54-9A1E7A4F7556}") = "Utility", "Utility\Utility.csproj", "{44137E13-D58E-4796-B3E9-68D431E58012}"
EndProject
Project("{9A19103F-16F7-4668-BE54-9A1E7A4F7556}") = "Day14", "Day14\Day14.csproj", "{E221ADD9-2A70-4352-A775-EC0549D8BEB1}"
EndProject
Project("{9A19103F-16F7-4668-BE54-9A1E7A4F7556}") = "Day15", "Day15\Day15.csproj", "{CB5305DA-4240-40C8-9A43-6916B8365768}"
EndProject
Project("{9A19103F-16F7-4668-BE54-9A1E7A4F7556}") = "Day16", "Day16\Day16.csproj", "{0F55014B-CA99-41FC-90EA-EE15B2B7761B}"
EndProject
Project("{FAE04EC0-301F-11D3-BF4B-00C04F79EFBC}") = "Day17", "Day17\Day17.csproj", "{0D95024F-724C-41A7-9C05-9B31F805B88A}"
EndProject
Global
	GlobalSection(SolutionConfigurationPlatforms) = preSolution
		Debug|Any CPU = Debug|Any CPU
		Release|Any CPU = Release|Any CPU
	EndGlobalSection
	GlobalSection(ProjectConfigurationPlatforms) = postSolution
		{42451AB2-A3A7-4721-99A4-C757AFC02807}.Debug|Any CPU.ActiveCfg = Debug|Any CPU
		{42451AB2-A3A7-4721-99A4-C757AFC02807}.Debug|Any CPU.Build.0 = Debug|Any CPU
		{42451AB2-A3A7-4721-99A4-C757AFC02807}.Release|Any CPU.ActiveCfg = Release|Any CPU
		{42451AB2-A3A7-4721-99A4-C757AFC02807}.Release|Any CPU.Build.0 = Release|Any CPU
		{D26B8165-81F6-4DC0-9F0C-DE0E76C71F3D}.Debug|Any CPU.ActiveCfg = Debug|Any CPU
		{D26B8165-81F6-4DC0-9F0C-DE0E76C71F3D}.Debug|Any CPU.Build.0 = Debug|Any CPU
		{D26B8165-81F6-4DC0-9F0C-DE0E76C71F3D}.Release|Any CPU.ActiveCfg = Release|Any CPU
		{D26B8165-81F6-4DC0-9F0C-DE0E76C71F3D}.Release|Any CPU.Build.0 = Release|Any CPU
		{4E8582AC-5F60-44A2-BCF6-D9A1DF3F674B}.Debug|Any CPU.ActiveCfg = Debug|Any CPU
		{4E8582AC-5F60-44A2-BCF6-D9A1DF3F674B}.Debug|Any CPU.Build.0 = Debug|Any CPU
		{4E8582AC-5F60-44A2-BCF6-D9A1DF3F674B}.Release|Any CPU.ActiveCfg = Release|Any CPU
		{4E8582AC-5F60-44A2-BCF6-D9A1DF3F674B}.Release|Any CPU.Build.0 = Release|Any CPU
		{CCF82FD9-1AB3-47AE-A084-DEC56001AE42}.Debug|Any CPU.ActiveCfg = Debug|Any CPU
		{CCF82FD9-1AB3-47AE-A084-DEC56001AE42}.Debug|Any CPU.Build.0 = Debug|Any CPU
		{CCF82FD9-1AB3-47AE-A084-DEC56001AE42}.Release|Any CPU.ActiveCfg = Release|Any CPU
		{CCF82FD9-1AB3-47AE-A084-DEC56001AE42}.Release|Any CPU.Build.0 = Release|Any CPU
		{7B5C0976-0F0C-42D8-836A-B8A5F0031FEF}.Debug|Any CPU.ActiveCfg = Debug|Any CPU
		{7B5C0976-0F0C-42D8-836A-B8A5F0031FEF}.Debug|Any CPU.Build.0 = Debug|Any CPU
		{7B5C0976-0F0C-42D8-836A-B8A5F0031FEF}.Release|Any CPU.ActiveCfg = Release|Any CPU
		{7B5C0976-0F0C-42D8-836A-B8A5F0031FEF}.Release|Any CPU.Build.0 = Release|Any CPU
		{7798A149-2EF3-4ACE-A6AC-7DD17EBED962}.Debug|Any CPU.ActiveCfg = Debug|Any CPU
		{7798A149-2EF3-4ACE-A6AC-7DD17EBED962}.Debug|Any CPU.Build.0 = Debug|Any CPU
		{7798A149-2EF3-4ACE-A6AC-7DD17EBED962}.Release|Any CPU.ActiveCfg = Release|Any CPU
		{7798A149-2EF3-4ACE-A6AC-7DD17EBED962}.Release|Any CPU.Build.0 = Release|Any CPU
		{098FD424-A56A-4451-BE01-90C7C789880A}.Debug|Any CPU.ActiveCfg = Debug|Any CPU
		{098FD424-A56A-4451-BE01-90C7C789880A}.Debug|Any CPU.Build.0 = Debug|Any CPU
		{098FD424-A56A-4451-BE01-90C7C789880A}.Release|Any CPU.ActiveCfg = Release|Any CPU
		{098FD424-A56A-4451-BE01-90C7C789880A}.Release|Any CPU.Build.0 = Release|Any CPU
		{90265FBD-171D-44D3-85B3-B4F171A2977A}.Debug|Any CPU.ActiveCfg = Debug|Any CPU
		{90265FBD-171D-44D3-85B3-B4F171A2977A}.Debug|Any CPU.Build.0 = Debug|Any CPU
		{90265FBD-171D-44D3-85B3-B4F171A2977A}.Release|Any CPU.ActiveCfg = Release|Any CPU
		{90265FBD-171D-44D3-85B3-B4F171A2977A}.Release|Any CPU.Build.0 = Release|Any CPU
		{A14016ED-647B-4044-96B2-DC1B56F80C18}.Debug|Any CPU.ActiveCfg = Debug|Any CPU
		{A14016ED-647B-4044-96B2-DC1B56F80C18}.Debug|Any CPU.Build.0 = Debug|Any CPU
		{A14016ED-647B-4044-96B2-DC1B56F80C18}.Release|Any CPU.ActiveCfg = Release|Any CPU
		{A14016ED-647B-4044-96B2-DC1B56F80C18}.Release|Any CPU.Build.0 = Release|Any CPU
		{C8FEC538-66D9-4CD6-B0FC-306E9F08565D}.Debug|Any CPU.ActiveCfg = Debug|Any CPU
		{C8FEC538-66D9-4CD6-B0FC-306E9F08565D}.Debug|Any CPU.Build.0 = Debug|Any CPU
		{C8FEC538-66D9-4CD6-B0FC-306E9F08565D}.Release|Any CPU.ActiveCfg = Release|Any CPU
		{C8FEC538-66D9-4CD6-B0FC-306E9F08565D}.Release|Any CPU.Build.0 = Release|Any CPU
		{551960E8-22A6-4D06-B291-B16D9950A369}.Debug|Any CPU.ActiveCfg = Debug|Any CPU
		{551960E8-22A6-4D06-B291-B16D9950A369}.Debug|Any CPU.Build.0 = Debug|Any CPU
		{551960E8-22A6-4D06-B291-B16D9950A369}.Release|Any CPU.ActiveCfg = Release|Any CPU
		{551960E8-22A6-4D06-B291-B16D9950A369}.Release|Any CPU.Build.0 = Release|Any CPU
		{E7FF9721-80BA-423D-B603-77A5DDB0B4B8}.Debug|Any CPU.ActiveCfg = Debug|Any CPU
		{E7FF9721-80BA-423D-B603-77A5DDB0B4B8}.Debug|Any CPU.Build.0 = Debug|Any CPU
		{E7FF9721-80BA-423D-B603-77A5DDB0B4B8}.Release|Any CPU.ActiveCfg = Release|Any CPU
		{E7FF9721-80BA-423D-B603-77A5DDB0B4B8}.Release|Any CPU.Build.0 = Release|Any CPU
		{F2DCBAD6-27D3-424E-9A4E-B44B54535F48}.Debug|Any CPU.ActiveCfg = Debug|Any CPU
		{F2DCBAD6-27D3-424E-9A4E-B44B54535F48}.Debug|Any CPU.Build.0 = Debug|Any CPU
		{F2DCBAD6-27D3-424E-9A4E-B44B54535F48}.Release|Any CPU.ActiveCfg = Release|Any CPU
		{F2DCBAD6-27D3-424E-9A4E-B44B54535F48}.Release|Any CPU.Build.0 = Release|Any CPU
		{AEB5C583-394F-414B-8FBB-79A340DE99E9}.Debug|Any CPU.ActiveCfg = Debug|Any CPU
		{AEB5C583-394F-414B-8FBB-79A340DE99E9}.Debug|Any CPU.Build.0 = Debug|Any CPU
		{AEB5C583-394F-414B-8FBB-79A340DE99E9}.Release|Any CPU.ActiveCfg = Release|Any CPU
		{AEB5C583-394F-414B-8FBB-79A340DE99E9}.Release|Any CPU.Build.0 = Release|Any CPU
		{4EAE7E84-9EEF-4BD1-8766-8D8BF900220F}.Debug|Any CPU.ActiveCfg = Debug|Any CPU
		{4EAE7E84-9EEF-4BD1-8766-8D8BF900220F}.Debug|Any CPU.Build.0 = Debug|Any CPU
		{4EAE7E84-9EEF-4BD1-8766-8D8BF900220F}.Release|Any CPU.ActiveCfg = Release|Any CPU
		{4EAE7E84-9EEF-4BD1-8766-8D8BF900220F}.Release|Any CPU.Build.0 = Release|Any CPU
		{D97C5629-99E8-44FE-BE5E-8883ABD8E506}.Debug|Any CPU.ActiveCfg = Debug|Any CPU
		{D97C5629-99E8-44FE-BE5E-8883ABD8E506}.Debug|Any CPU.Build.0 = Debug|Any CPU
		{D97C5629-99E8-44FE-BE5E-8883ABD8E506}.Release|Any CPU.ActiveCfg = Release|Any CPU
		{D97C5629-99E8-44FE-BE5E-8883ABD8E506}.Release|Any CPU.Build.0 = Release|Any CPU
		{B51907E3-09C7-406E-818D-93514ACB9002}.Debug|Any CPU.ActiveCfg = Debug|Any CPU
		{B51907E3-09C7-406E-818D-93514ACB9002}.Debug|Any CPU.Build.0 = Debug|Any CPU
		{B51907E3-09C7-406E-818D-93514ACB9002}.Release|Any CPU.ActiveCfg = Release|Any CPU
		{B51907E3-09C7-406E-818D-93514ACB9002}.Release|Any CPU.Build.0 = Release|Any CPU
		{2D99FB95-D9CB-4B3A-ABD6-85DB6ACAFB0B}.Debug|Any CPU.ActiveCfg = Debug|Any CPU
		{2D99FB95-D9CB-4B3A-ABD6-85DB6ACAFB0B}.Debug|Any CPU.Build.0 = Debug|Any CPU
		{2D99FB95-D9CB-4B3A-ABD6-85DB6ACAFB0B}.Release|Any CPU.ActiveCfg = Release|Any CPU
		{2D99FB95-D9CB-4B3A-ABD6-85DB6ACAFB0B}.Release|Any CPU.Build.0 = Release|Any CPU
		{6D3DD5A6-9E1E-458A-B151-2276E5F71479}.Debug|Any CPU.ActiveCfg = Debug|Any CPU
		{6D3DD5A6-9E1E-458A-B151-2276E5F71479}.Debug|Any CPU.Build.0 = Debug|Any CPU
		{6D3DD5A6-9E1E-458A-B151-2276E5F71479}.Release|Any CPU.ActiveCfg = Release|Any CPU
		{6D3DD5A6-9E1E-458A-B151-2276E5F71479}.Release|Any CPU.Build.0 = Release|Any CPU
		{8BBB014B-623F-4D23-BB38-820C4A9622AD}.Debug|Any CPU.ActiveCfg = Debug|Any CPU
		{8BBB014B-623F-4D23-BB38-820C4A9622AD}.Debug|Any CPU.Build.0 = Debug|Any CPU
		{8BBB014B-623F-4D23-BB38-820C4A9622AD}.Release|Any CPU.ActiveCfg = Release|Any CPU
		{8BBB014B-623F-4D23-BB38-820C4A9622AD}.Release|Any CPU.Build.0 = Release|Any CPU
		{DC946B61-74C1-49D0-84EC-78671E479ADF}.Debug|Any CPU.ActiveCfg = Debug|Any CPU
		{DC946B61-74C1-49D0-84EC-78671E479ADF}.Debug|Any CPU.Build.0 = Debug|Any CPU
		{DC946B61-74C1-49D0-84EC-78671E479ADF}.Release|Any CPU.ActiveCfg = Release|Any CPU
		{DC946B61-74C1-49D0-84EC-78671E479ADF}.Release|Any CPU.Build.0 = Release|Any CPU
		{DF4D54A5-5344-41FE-814D-95E70632A1C6}.Debug|Any CPU.ActiveCfg = Debug|Any CPU
		{DF4D54A5-5344-41FE-814D-95E70632A1C6}.Debug|Any CPU.Build.0 = Debug|Any CPU
		{DF4D54A5-5344-41FE-814D-95E70632A1C6}.Release|Any CPU.ActiveCfg = Release|Any CPU
		{DF4D54A5-5344-41FE-814D-95E70632A1C6}.Release|Any CPU.Build.0 = Release|Any CPU
		{2D572360-5060-4D70-9970-E8758DA709FB}.Debug|Any CPU.ActiveCfg = Debug|Any CPU
		{2D572360-5060-4D70-9970-E8758DA709FB}.Debug|Any CPU.Build.0 = Debug|Any CPU
		{2D572360-5060-4D70-9970-E8758DA709FB}.Release|Any CPU.ActiveCfg = Release|Any CPU
		{2D572360-5060-4D70-9970-E8758DA709FB}.Release|Any CPU.Build.0 = Release|Any CPU
		{44137E13-D58E-4796-B3E9-68D431E58012}.Debug|Any CPU.ActiveCfg = Debug|Any CPU
		{44137E13-D58E-4796-B3E9-68D431E58012}.Debug|Any CPU.Build.0 = Debug|Any CPU
		{44137E13-D58E-4796-B3E9-68D431E58012}.Release|Any CPU.ActiveCfg = Release|Any CPU
		{44137E13-D58E-4796-B3E9-68D431E58012}.Release|Any CPU.Build.0 = Release|Any CPU
		{E221ADD9-2A70-4352-A775-EC0549D8BEB1}.Debug|Any CPU.ActiveCfg = Debug|Any CPU
		{E221ADD9-2A70-4352-A775-EC0549D8BEB1}.Debug|Any CPU.Build.0 = Debug|Any CPU
		{E221ADD9-2A70-4352-A775-EC0549D8BEB1}.Release|Any CPU.ActiveCfg = Release|Any CPU
		{E221ADD9-2A70-4352-A775-EC0549D8BEB1}.Release|Any CPU.Build.0 = Release|Any CPU
		{CB5305DA-4240-40C8-9A43-6916B8365768}.Debug|Any CPU.ActiveCfg = Debug|Any CPU
		{CB5305DA-4240-40C8-9A43-6916B8365768}.Debug|Any CPU.Build.0 = Debug|Any CPU
		{CB5305DA-4240-40C8-9A43-6916B8365768}.Release|Any CPU.ActiveCfg = Release|Any CPU
		{CB5305DA-4240-40C8-9A43-6916B8365768}.Release|Any CPU.Build.0 = Release|Any CPU
		{0F55014B-CA99-41FC-90EA-EE15B2B7761B}.Debug|Any CPU.ActiveCfg = Debug|Any CPU
		{0F55014B-CA99-41FC-90EA-EE15B2B7761B}.Debug|Any CPU.Build.0 = Debug|Any CPU
		{0F55014B-CA99-41FC-90EA-EE15B2B7761B}.Release|Any CPU.ActiveCfg = Release|Any CPU
		{0F55014B-CA99-41FC-90EA-EE15B2B7761B}.Release|Any CPU.Build.0 = Release|Any CPU
		{0D95024F-724C-41A7-9C05-9B31F805B88A}.Debug|Any CPU.ActiveCfg = Debug|Any CPU
		{0D95024F-724C-41A7-9C05-9B31F805B88A}.Debug|Any CPU.Build.0 = Debug|Any CPU
		{0D95024F-724C-41A7-9C05-9B31F805B88A}.Release|Any CPU.ActiveCfg = Release|Any CPU
		{0D95024F-724C-41A7-9C05-9B31F805B88A}.Release|Any CPU.Build.0 = Release|Any CPU
	EndGlobalSection
	GlobalSection(SolutionProperties) = preSolution
		HideSolutionNode = FALSE
	EndGlobalSection
	GlobalSection(ExtensibilityGlobals) = postSolution
		SolutionGuid = {61BAF476-4F54-4DAA-83A3-E23ABEB043ED}
	EndGlobalSection
EndGlobal
