
Microsoft Visual Studio Solution File, Format Version 12.00
# Visual Studio Version 17
VisualStudioVersion = 17.7.34031.279
MinimumVisualStudioVersion = 10.0.40219.1
Project("{9A19103F-16F7-4668-BE54-9A1E7A4F7556}") = "Day1_Part1", "Day1_Part1\Day1_Part1.csproj", "{42451AB2-A3A7-4721-99A4-C757AFC02807}"
EndProject
Project("{9A19103F-16F7-4668-BE54-9A1E7A4F7556}") = "Day1_Part2", "Day1_Part2\Day1_Part2.csproj", "{D26B8165-81F6-4DC0-9F0C-DE0E76C71F3D}"
EndProject
Project("{9A19103F-16F7-4668-BE54-9A1E7A4F7556}") = "Day2_Part1", "Day2_Part1\Day2_Part1.csproj", "{4E8582AC-5F60-44A2-BCF6-D9A1DF3F674B}"
EndProject
Project("{9A19103F-16F7-4668-BE54-9A1E7A4F7556}") = "Day2_Part2", "Day2_Part2\Day2_Part2.csproj", "{CCF82FD9-1AB3-47AE-A084-DEC56001AE42}"
EndProject
Project("{9A19103F-16F7-4668-BE54-9A1E7A4F7556}") = "Day3_Part1", "Day3_Part1\Day3_Part1.csproj", "{7B5C0976-0F0C-42D8-836A-B8A5F0031FEF}"
EndProject
Project("{9A19103F-16F7-4668-BE54-9A1E7A4F7556}") = "Day3_Part2", "Day3_Part2\Day3_Part2.csproj", "{7798A149-2EF3-4ACE-A6AC-7DD17EBED962}"
EndProject
Project("{9A19103F-16F7-4668-BE54-9A1E7A4F7556}") = "Day4_Part1", "Day4_Part1\Day4_Part1.csproj", "{098FD424-A56A-4451-BE01-90C7C789880A}"
EndProject
Project("{9A19103F-16F7-4668-BE54-9A1E7A4F7556}") = "Day4_Part2", "Day4_Part2\Day4_Part2.csproj", "{90265FBD-171D-44D3-85B3-B4F171A2977A}"
EndProject
Project("{9A19103F-16F7-4668-BE54-9A1E7A4F7556}") = "Day5_Part1", "Day5_Part1\Day5_Part1.csproj", "{A14016ED-647B-4044-96B2-DC1B56F80C18}"
EndProject
Project("{9A19103F-16F7-4668-BE54-9A1E7A4F7556}") = "Day5_Part2", "Day5Part2\Day5_Part2.csproj", "{C8FEC538-66D9-4CD6-B0FC-306E9F08565D}"
EndProject
Project("{FAE04EC0-301F-11D3-BF4B-00C04F79EFBC}") = "Day6_Part1", "Day6_Part1\Day6_Part1.csproj", "{551960E8-22A6-4D06-B291-B16D9950A369}"
EndProject
Global
	GlobalSection(SolutionConfigurationPlatforms) = preSolution
		Debug|Any CPU = Debug|Any CPU
		Release|Any CPU = Release|Any CPU
	EndGlobalSection
	GlobalSection(ProjectConfigurationPlatforms) = postSolution
		{42451AB2-A3A7-4721-99A4-C757AFC02807}.Debug|Any CPU.ActiveCfg = Debug|Any CPU
		{42451AB2-A3A7-4721-99A4-C757AFC02807}.Debug|Any CPU.Build.0 = Debug|Any CPU
		{42451AB2-A3A7-4721-99A4-C757AFC02807}.Release|Any CPU.ActiveCfg = Release|Any CPU
		{42451AB2-A3A7-4721-99A4-C757AFC02807}.Release|Any CPU.Build.0 = Release|Any CPU
		{D26B8165-81F6-4DC0-9F0C-DE0E76C71F3D}.Debug|Any CPU.ActiveCfg = Debug|Any CPU
		{D26B8165-81F6-4DC0-9F0C-DE0E76C71F3D}.Debug|Any CPU.Build.0 = Debug|Any CPU
		{D26B8165-81F6-4DC0-9F0C-DE0E76C71F3D}.Release|Any CPU.ActiveCfg = Release|Any CPU
		{D26B8165-81F6-4DC0-9F0C-DE0E76C71F3D}.Release|Any CPU.Build.0 = Release|Any CPU
		{4E8582AC-5F60-44A2-BCF6-D9A1DF3F674B}.Debug|Any CPU.ActiveCfg = Debug|Any CPU
		{4E8582AC-5F60-44A2-BCF6-D9A1DF3F674B}.Debug|Any CPU.Build.0 = Debug|Any CPU
		{4E8582AC-5F60-44A2-BCF6-D9A1DF3F674B}.Release|Any CPU.ActiveCfg = Release|Any CPU
		{4E8582AC-5F60-44A2-BCF6-D9A1DF3F674B}.Release|Any CPU.Build.0 = Release|Any CPU
		{CCF82FD9-1AB3-47AE-A084-DEC56001AE42}.Debug|Any CPU.ActiveCfg = Debug|Any CPU
		{CCF82FD9-1AB3-47AE-A084-DEC56001AE42}.Debug|Any CPU.Build.0 = Debug|Any CPU
		{CCF82FD9-1AB3-47AE-A084-DEC56001AE42}.Release|Any CPU.ActiveCfg = Release|Any CPU
		{CCF82FD9-1AB3-47AE-A084-DEC56001AE42}.Release|Any CPU.Build.0 = Release|Any CPU
		{7B5C0976-0F0C-42D8-836A-B8A5F0031FEF}.Debug|Any CPU.ActiveCfg = Debug|Any CPU
		{7B5C0976-0F0C-42D8-836A-B8A5F0031FEF}.Debug|Any CPU.Build.0 = Debug|Any CPU
		{7B5C0976-0F0C-42D8-836A-B8A5F0031FEF}.Release|Any CPU.ActiveCfg = Release|Any CPU
		{7B5C0976-0F0C-42D8-836A-B8A5F0031FEF}.Release|Any CPU.Build.0 = Release|Any CPU
		{7798A149-2EF3-4ACE-A6AC-7DD17EBED962}.Debug|Any CPU.ActiveCfg = Debug|Any CPU
		{7798A149-2EF3-4ACE-A6AC-7DD17EBED962}.Debug|Any CPU.Build.0 = Debug|Any CPU
		{7798A149-2EF3-4ACE-A6AC-7DD17EBED962}.Release|Any CPU.ActiveCfg = Release|Any CPU
		{7798A149-2EF3-4ACE-A6AC-7DD17EBED962}.Release|Any CPU.Build.0 = Release|Any CPU
		{098FD424-A56A-4451-BE01-90C7C789880A}.Debug|Any CPU.ActiveCfg = Debug|Any CPU
		{098FD424-A56A-4451-BE01-90C7C789880A}.Debug|Any CPU.Build.0 = Debug|Any CPU
		{098FD424-A56A-4451-BE01-90C7C789880A}.Release|Any CPU.ActiveCfg = Release|Any CPU
		{098FD424-A56A-4451-BE01-90C7C789880A}.Release|Any CPU.Build.0 = Release|Any CPU
		{90265FBD-171D-44D3-85B3-B4F171A2977A}.Debug|Any CPU.ActiveCfg = Debug|Any CPU
		{90265FBD-171D-44D3-85B3-B4F171A2977A}.Debug|Any CPU.Build.0 = Debug|Any CPU
		{90265FBD-171D-44D3-85B3-B4F171A2977A}.Release|Any CPU.ActiveCfg = Release|Any CPU
		{90265FBD-171D-44D3-85B3-B4F171A2977A}.Release|Any CPU.Build.0 = Release|Any CPU
		{A14016ED-647B-4044-96B2-DC1B56F80C18}.Debug|Any CPU.ActiveCfg = Debug|Any CPU
		{A14016ED-647B-4044-96B2-DC1B56F80C18}.Debug|Any CPU.Build.0 = Debug|Any CPU
		{A14016ED-647B-4044-96B2-DC1B56F80C18}.Release|Any CPU.ActiveCfg = Release|Any CPU
		{A14016ED-647B-4044-96B2-DC1B56F80C18}.Release|Any CPU.Build.0 = Release|Any CPU
		{C8FEC538-66D9-4CD6-B0FC-306E9F08565D}.Debug|Any CPU.ActiveCfg = Debug|Any CPU
		{C8FEC538-66D9-4CD6-B0FC-306E9F08565D}.Debug|Any CPU.Build.0 = Debug|Any CPU
		{C8FEC538-66D9-4CD6-B0FC-306E9F08565D}.Release|Any CPU.ActiveCfg = Release|Any CPU
		{C8FEC538-66D9-4CD6-B0FC-306E9F08565D}.Release|Any CPU.Build.0 = Release|Any CPU
		{551960E8-22A6-4D06-B291-B16D9950A369}.Debug|Any CPU.ActiveCfg = Debug|Any CPU
		{551960E8-22A6-4D06-B291-B16D9950A369}.Debug|Any CPU.Build.0 = Debug|Any CPU
		{551960E8-22A6-4D06-B291-B16D9950A369}.Release|Any CPU.ActiveCfg = Release|Any CPU
		{551960E8-22A6-4D06-B291-B16D9950A369}.Release|Any CPU.Build.0 = Release|Any CPU
	EndGlobalSection
	GlobalSection(SolutionProperties) = preSolution
		HideSolutionNode = FALSE
	EndGlobalSection
	GlobalSection(ExtensibilityGlobals) = postSolution
		SolutionGuid = {61BAF476-4F54-4DAA-83A3-E23ABEB043ED}
	EndGlobalSection
EndGlobal
